
Microsoft Visual Studio Solution File, Format Version 12.00
# Visual Studio Version 17
VisualStudioVersion = 17.0.31903.59
MinimumVisualStudioVersion = 10.0.40219.1
Project("{2150E333-8FDC-42A3-9474-1A3956D46DE8}") = "src", "src", "{827E0CD3-B72D-47B6-A68D-7590B98EB39B}"
EndProject
Project("{FAE04EC0-301F-11D3-BF4B-00C04F79EFBC}") = "Sallvat.Web", "src\Sallvat.Web\Sallvat.Web.csproj", "{DC0E60D7-BA4C-4AF8-8901-2F6F1F3E7A77}"
EndProject
Project("{FAE04EC0-301F-11D3-BF4B-00C04F79EFBC}") = "Sallvat.Application", "src\Sallvat.Application\Sallvat.Application.csproj", "{F475A411-EC13-426E-BB3E-B1F67E9C1892}"
EndProject
Project("{FAE04EC0-301F-11D3-BF4B-00C04F79EFBC}") = "Sallvat.Domain", "src\Sallvat.Domain\Sallvat.Domain.csproj", "{980DD15C-BF08-4B40-B03C-F48FC11AE90A}"
EndProject
Project("{FAE04EC0-301F-11D3-BF4B-00C04F79EFBC}") = "Sallvat.Infrastructure", "src\Sallvat.Infrastructure\Sallvat.Infrastructure.csproj", "{7C2D85A7-91AF-49A0-846A-A715FC8B2348}"
EndProject
Project("{2150E333-8FDC-42A3-9474-1A3956D46DE8}") = "tests", "tests", "{0AB3BF05-4346-4AA6-1389-037BE0695223}"
EndProject
Project("{FAE04EC0-301F-11D3-BF4B-00C04F79EFBC}") = "Sallvat.UnitTests", "tests\Sallvat.UnitTests\Sallvat.UnitTests.csproj", "{265B692E-31F2-42C1-873D-CB85781DD0EB}"
EndProject
Project("{FAE04EC0-301F-11D3-BF4B-00C04F79EFBC}") = "Sallvat.IntegrationTests", "tests\Sallvat.IntegrationTests\Sallvat.IntegrationTests.csproj", "{535D37CB-E7D0-4994-9F64-846BA1CFC648}"
EndProject
Global
	GlobalSection(SolutionConfigurationPlatforms) = preSolution
		Debug|Any CPU = Debug|Any CPU
		Debug|x64 = Debug|x64
		Debug|x86 = Debug|x86
		Release|Any CPU = Release|Any CPU
		Release|x64 = Release|x64
		Release|x86 = Release|x86
	EndGlobalSection
	GlobalSection(ProjectConfigurationPlatforms) = postSolution
		{DC0E60D7-BA4C-4AF8-8901-2F6F1F3E7A77}.Debug|Any CPU.ActiveCfg = Debug|Any CPU
		{DC0E60D7-BA4C-4AF8-8901-2F6F1F3E7A77}.Debug|Any CPU.Build.0 = Debug|Any CPU
		{DC0E60D7-BA4C-4AF8-8901-2F6F1F3E7A77}.Debug|x64.ActiveCfg = Debug|Any CPU
		{DC0E60D7-BA4C-4AF8-8901-2F6F1F3E7A77}.Debug|x64.Build.0 = Debug|Any CPU
		{DC0E60D7-BA4C-4AF8-8901-2F6F1F3E7A77}.Debug|x86.ActiveCfg = Debug|Any CPU
		{DC0E60D7-BA4C-4AF8-8901-2F6F1F3E7A77}.Debug|x86.Build.0 = Debug|Any CPU
		{DC0E60D7-BA4C-4AF8-8901-2F6F1F3E7A77}.Release|Any CPU.ActiveCfg = Release|Any CPU
		{DC0E60D7-BA4C-4AF8-8901-2F6F1F3E7A77}.Release|Any CPU.Build.0 = Release|Any CPU
		{DC0E60D7-BA4C-4AF8-8901-2F6F1F3E7A77}.Release|x64.ActiveCfg = Release|Any CPU
		{DC0E60D7-BA4C-4AF8-8901-2F6F1F3E7A77}.Release|x64.Build.0 = Release|Any CPU
		{DC0E60D7-BA4C-4AF8-8901-2F6F1F3E7A77}.Release|x86.ActiveCfg = Release|Any CPU
		{DC0E60D7-BA4C-4AF8-8901-2F6F1F3E7A77}.Release|x86.Build.0 = Release|Any CPU
		{F475A411-EC13-426E-BB3E-B1F67E9C1892}.Debug|Any CPU.ActiveCfg = Debug|Any CPU
		{F475A411-EC13-426E-BB3E-B1F67E9C1892}.Debug|Any CPU.Build.0 = Debug|Any CPU
		{F475A411-EC13-426E-BB3E-B1F67E9C1892}.Debug|x64.ActiveCfg = Debug|Any CPU
		{F475A411-EC13-426E-BB3E-B1F67E9C1892}.Debug|x64.Build.0 = Debug|Any CPU
		{F475A411-EC13-426E-BB3E-B1F67E9C1892}.Debug|x86.ActiveCfg = Debug|Any CPU
		{F475A411-EC13-426E-BB3E-B1F67E9C1892}.Debug|x86.Build.0 = Debug|Any CPU
		{F475A411-EC13-426E-BB3E-B1F67E9C1892}.Release|Any CPU.ActiveCfg = Release|Any CPU
		{F475A411-EC13-426E-BB3E-B1F67E9C1892}.Release|Any CPU.Build.0 = Release|Any CPU
		{F475A411-EC13-426E-BB3E-B1F67E9C1892}.Release|x64.ActiveCfg = Release|Any CPU
		{F475A411-EC13-426E-BB3E-B1F67E9C1892}.Release|x64.Build.0 = Release|Any CPU
		{F475A411-EC13-426E-BB3E-B1F67E9C1892}.Release|x86.ActiveCfg = Release|Any CPU
		{F475A411-EC13-426E-BB3E-B1F67E9C1892}.Release|x86.Build.0 = Release|Any CPU
		{980DD15C-BF08-4B40-B03C-F48FC11AE90A}.Debug|Any CPU.ActiveCfg = Debug|Any CPU
		{980DD15C-BF08-4B40-B03C-F48FC11AE90A}.Debug|Any CPU.Build.0 = Debug|Any CPU
		{980DD15C-BF08-4B40-B03C-F48FC11AE90A}.Debug|x64.ActiveCfg = Debug|Any CPU
		{980DD15C-BF08-4B40-B03C-F48FC11AE90A}.Debug|x64.Build.0 = Debug|Any CPU
		{980DD15C-BF08-4B40-B03C-F48FC11AE90A}.Debug|x86.ActiveCfg = Debug|Any CPU
		{980DD15C-BF08-4B40-B03C-F48FC11AE90A}.Debug|x86.Build.0 = Debug|Any CPU
		{980DD15C-BF08-4B40-B03C-F48FC11AE90A}.Release|Any CPU.ActiveCfg = Release|Any CPU
		{980DD15C-BF08-4B40-B03C-F48FC11AE90A}.Release|Any CPU.Build.0 = Release|Any CPU
		{980DD15C-BF08-4B40-B03C-F48FC11AE90A}.Release|x64.ActiveCfg = Release|Any CPU
		{980DD15C-BF08-4B40-B03C-F48FC11AE90A}.Release|x64.Build.0 = Release|Any CPU
		{980DD15C-BF08-4B40-B03C-F48FC11AE90A}.Release|x86.ActiveCfg = Release|Any CPU
		{980DD15C-BF08-4B40-B03C-F48FC11AE90A}.Release|x86.Build.0 = Release|Any CPU
		{7C2D85A7-91AF-49A0-846A-A715FC8B2348}.Debug|Any CPU.ActiveCfg = Debug|Any CPU
		{7C2D85A7-91AF-49A0-846A-A715FC8B2348}.Debug|Any CPU.Build.0 = Debug|Any CPU
		{7C2D85A7-91AF-49A0-846A-A715FC8B2348}.Debug|x64.ActiveCfg = Debug|Any CPU
		{7C2D85A7-91AF-49A0-846A-A715FC8B2348}.Debug|x64.Build.0 = Debug|Any CPU
		{7C2D85A7-91AF-49A0-846A-A715FC8B2348}.Debug|x86.ActiveCfg = Debug|Any CPU
		{7C2D85A7-91AF-49A0-846A-A715FC8B2348}.Debug|x86.Build.0 = Debug|Any CPU
		{7C2D85A7-91AF-49A0-846A-A715FC8B2348}.Release|Any CPU.ActiveCfg = Release|Any CPU
		{7C2D85A7-91AF-49A0-846A-A715FC8B2348}.Release|Any CPU.Build.0 = Release|Any CPU
		{7C2D85A7-91AF-49A0-846A-A715FC8B2348}.Release|x64.ActiveCfg = Release|Any CPU
		{7C2D85A7-91AF-49A0-846A-A715FC8B2348}.Release|x64.Build.0 = Release|Any CPU
		{7C2D85A7-91AF-49A0-846A-A715FC8B2348}.Release|x86.ActiveCfg = Release|Any CPU
		{7C2D85A7-91AF-49A0-846A-A715FC8B2348}.Release|x86.Build.0 = Release|Any CPU
		{265B692E-31F2-42C1-873D-CB85781DD0EB}.Debug|Any CPU.ActiveCfg = Debug|Any CPU
		{265B692E-31F2-42C1-873D-CB85781DD0EB}.Debug|Any CPU.Build.0 = Debug|Any CPU
		{265B692E-31F2-42C1-873D-CB85781DD0EB}.Debug|x64.ActiveCfg = Debug|Any CPU
		{265B692E-31F2-42C1-873D-CB85781DD0EB}.Debug|x64.Build.0 = Debug|Any CPU
		{265B692E-31F2-42C1-873D-CB85781DD0EB}.Debug|x86.ActiveCfg = Debug|Any CPU
		{265B692E-31F2-42C1-873D-CB85781DD0EB}.Debug|x86.Build.0 = Debug|Any CPU
		{265B692E-31F2-42C1-873D-CB85781DD0EB}.Release|Any CPU.ActiveCfg = Release|Any CPU
		{265B692E-31F2-42C1-873D-CB85781DD0EB}.Release|Any CPU.Build.0 = Release|Any CPU
		{265B692E-31F2-42C1-873D-CB85781DD0EB}.Release|x64.ActiveCfg = Release|Any CPU
		{265B692E-31F2-42C1-873D-CB85781DD0EB}.Release|x64.Build.0 = Release|Any CPU
		{265B692E-31F2-42C1-873D-CB85781DD0EB}.Release|x86.ActiveCfg = Release|Any CPU
		{265B692E-31F2-42C1-873D-CB85781DD0EB}.Release|x86.Build.0 = Release|Any CPU
		{535D37CB-E7D0-4994-9F64-846BA1CFC648}.Debug|Any CPU.ActiveCfg = Debug|Any CPU
		{535D37CB-E7D0-4994-9F64-846BA1CFC648}.Debug|Any CPU.Build.0 = Debug|Any CPU
		{535D37CB-E7D0-4994-9F64-846BA1CFC648}.Debug|x64.ActiveCfg = Debug|Any CPU
		{535D37CB-E7D0-4994-9F64-846BA1CFC648}.Debug|x64.Build.0 = Debug|Any CPU
		{535D37CB-E7D0-4994-9F64-846BA1CFC648}.Debug|x86.ActiveCfg = Debug|Any CPU
		{535D37CB-E7D0-4994-9F64-846BA1CFC648}.Debug|x86.Build.0 = Debug|Any CPU
		{535D37CB-E7D0-4994-9F64-846BA1CFC648}.Release|Any CPU.ActiveCfg = Release|Any CPU
		{535D37CB-E7D0-4994-9F64-846BA1CFC648}.Release|Any CPU.Build.0 = Release|Any CPU
		{535D37CB-E7D0-4994-9F64-846BA1CFC648}.Release|x64.ActiveCfg = Release|Any CPU
		{535D37CB-E7D0-4994-9F64-846BA1CFC648}.Release|x64.Build.0 = Release|Any CPU
		{535D37CB-E7D0-4994-9F64-846BA1CFC648}.Release|x86.ActiveCfg = Release|Any CPU
		{535D37CB-E7D0-4994-9F64-846BA1CFC648}.Release|x86.Build.0 = Release|Any CPU
	EndGlobalSection
	GlobalSection(SolutionProperties) = preSolution
		HideSolutionNode = FALSE
	EndGlobalSection
	GlobalSection(NestedProjects) = preSolution
		{DC0E60D7-BA4C-4AF8-8901-2F6F1F3E7A77} = {827E0CD3-B72D-47B6-A68D-7590B98EB39B}
		{F475A411-EC13-426E-BB3E-B1F67E9C1892} = {827E0CD3-B72D-47B6-A68D-7590B98EB39B}
		{980DD15C-BF08-4B40-B03C-F48FC11AE90A} = {827E0CD3-B72D-47B6-A68D-7590B98EB39B}
		{7C2D85A7-91AF-49A0-846A-A715FC8B2348} = {827E0CD3-B72D-47B6-A68D-7590B98EB39B}
		{265B692E-31F2-42C1-873D-CB85781DD0EB} = {0AB3BF05-4346-4AA6-1389-037BE0695223}
		{535D37CB-E7D0-4994-9F64-846BA1CFC648} = {0AB3BF05-4346-4AA6-1389-037BE0695223}
	EndGlobalSection
EndGlobal
